// !$*UTF8*$!
{
	archiveVersion = 1;
	classes = {
	};
	objectVersion = 56;
	objects = {

/* Begin PBXBuildFile section */
		DB063B2729F690C90006B864 /* AppDelegate.swift in Sources */ = {isa = PBXBuildFile; fileRef = DB063B2629F690C90006B864 /* AppDelegate.swift */; };
		DB063B2929F690C90006B864 /* SceneDelegate.swift in Sources */ = {isa = PBXBuildFile; fileRef = DB063B2829F690C90006B864 /* SceneDelegate.swift */; };
		DB063B2B29F690C90006B864 /* CalculateViewController.swift in Sources */ = {isa = PBXBuildFile; fileRef = DB063B2A29F690C90006B864 /* CalculateViewController.swift */; };
		DB063B2E29F690C90006B864 /* Main.storyboard in Resources */ = {isa = PBXBuildFile; fileRef = DB063B2C29F690C90006B864 /* Main.storyboard */; };
		DB063B3029F690CB0006B864 /* Assets.xcassets in Resources */ = {isa = PBXBuildFile; fileRef = DB063B2F29F690CB0006B864 /* Assets.xcassets */; };
		DB063B3329F690CB0006B864 /* LaunchScreen.storyboard in Resources */ = {isa = PBXBuildFile; fileRef = DB063B3129F690CB0006B864 /* LaunchScreen.storyboard */; };
		DB063B3E29F691130006B864 /* CalculatorBrain.swift in Sources */ = {isa = PBXBuildFile; fileRef = DB063B3D29F691130006B864 /* CalculatorBrain.swift */; };
		DB063B4029F6911D0006B864 /* BMI.swift in Sources */ = {isa = PBXBuildFile; fileRef = DB063B3F29F6911D0006B864 /* BMI.swift */; };
		DB063B4229F692490006B864 /* ResultViewController.swift in Sources */ = {isa = PBXBuildFile; fileRef = DB063B4129F692490006B864 /* ResultViewController.swift */; };
/* End PBXBuildFile section */

/* Begin PBXFileReference section */
		DB063B2329F690C90006B864 /* BMI Calculator-.app */ = {isa = PBXFileReference; explicitFileType = wrapper.application; includeInIndex = 0; path = "BMI Calculator-.app"; sourceTree = BUILT_PRODUCTS_DIR; };
		DB063B2629F690C90006B864 /* AppDelegate.swift */ = {isa = PBXFileReference; lastKnownFileType = sourcecode.swift; path = AppDelegate.swift; sourceTree = "<group>"; };
		DB063B2829F690C90006B864 /* SceneDelegate.swift */ = {isa = PBXFileReference; lastKnownFileType = sourcecode.swift; path = SceneDelegate.swift; sourceTree = "<group>"; };
		DB063B2A29F690C90006B864 /* CalculateViewController.swift */ = {isa = PBXFileReference; lastKnownFileType = sourcecode.swift; path = CalculateViewController.swift; sourceTree = "<group>"; };
		DB063B2D29F690C90006B864 /* Base */ = {isa = PBXFileReference; lastKnownFileType = file.storyboard; name = Base; path = Base.lproj/Main.storyboard; sourceTree = "<group>"; };
		DB063B2F29F690CB0006B864 /* Assets.xcassets */ = {isa = PBXFileReference; lastKnownFileType = folder.assetcatalog; path = Assets.xcassets; sourceTree = "<group>"; };
		DB063B3229F690CB0006B864 /* Base */ = {isa = PBXFileReference; lastKnownFileType = file.storyboard; name = Base; path = Base.lproj/LaunchScreen.storyboard; sourceTree = "<group>"; };
		DB063B3429F690CB0006B864 /* Info.plist */ = {isa = PBXFileReference; lastKnownFileType = text.plist.xml; path = Info.plist; sourceTree = "<group>"; };
		DB063B3D29F691130006B864 /* CalculatorBrain.swift */ = {isa = PBXFileReference; lastKnownFileType = sourcecode.swift; path = CalculatorBrain.swift; sourceTree = "<group>"; };
		DB063B3F29F6911D0006B864 /* BMI.swift */ = {isa = PBXFileReference; lastKnownFileType = sourcecode.swift; path = BMI.swift; sourceTree = "<group>"; };
		DB063B4129F692490006B864 /* ResultViewController.swift */ = {isa = PBXFileReference; fileEncoding = 4; lastKnownFileType = sourcecode.swift; path = ResultViewController.swift; sourceTree = "<group>"; };
/* End PBXFileReference section */

/* Begin PBXFrameworksBuildPhase section */
		DB063B2029F690C90006B864 /* Frameworks */ = {
			isa = PBXFrameworksBuildPhase;
			buildActionMask = 2147483647;
			files = (
			);
			runOnlyForDeploymentPostprocessing = 0;
		};
/* End PBXFrameworksBuildPhase section */

/* Begin PBXGroup section */
		DB063B1A29F690C90006B864 = {
			isa = PBXGroup;
			children = (
				DB063B2529F690C90006B864 /* BMI Calculator- */,
				DB063B2429F690C90006B864 /* Products */,
			);
			sourceTree = "<group>";
		};
		DB063B2429F690C90006B864 /* Products */ = {
			isa = PBXGroup;
			children = (
				DB063B2329F690C90006B864 /* BMI Calculator-.app */,
			);
			name = Products;
			sourceTree = "<group>";
		};
		DB063B2529F690C90006B864 /* BMI Calculator- */ = {
			isa = PBXGroup;
			children = (
				DB063B2629F690C90006B864 /* AppDelegate.swift */,
				DB063B2829F690C90006B864 /* SceneDelegate.swift */,
				DB063B3C29F690F20006B864 /* Model */,
				DB063B3B29F690E70006B864 /* View */,
				DB063B3A29F690D60006B864 /* Controller */,
				DB063B2F29F690CB0006B864 /* Assets.xcassets */,
				DB063B3129F690CB0006B864 /* LaunchScreen.storyboard */,
				DB063B3429F690CB0006B864 /* Info.plist */,
			);
			path = "BMI Calculator-";
			sourceTree = "<group>";
		};
		DB063B3A29F690D60006B864 /* Controller */ = {
			isa = PBXGroup;
			children = (
				DB063B2A29F690C90006B864 /* CalculateViewController.swift */,
				DB063B4129F692490006B864 /* ResultViewController.swift */,
			);
			path = Controller;
			sourceTree = "<group>";
		};
		DB063B3B29F690E70006B864 /* View */ = {
			isa = PBXGroup;
			children = (
				DB063B2C29F690C90006B864 /* Main.storyboard */,
			);
			path = View;
			sourceTree = "<group>";
		};
		DB063B3C29F690F20006B864 /* Model */ = {
			isa = PBXGroup;
			children = (
				DB063B3D29F691130006B864 /* CalculatorBrain.swift */,
				DB063B3F29F6911D0006B864 /* BMI.swift */,
			);
			path = Model;
			sourceTree = "<group>";
		};
/* End PBXGroup section */

/* Begin PBXNativeTarget section */
		DB063B2229F690C90006B864 /* BMI Calculator- */ = {
			isa = PBXNativeTarget;
			buildConfigurationList = DB063B3729F690CB0006B864 /* Build configuration list for PBXNativeTarget "BMI Calculator-" */;
			buildPhases = (
				DB063B1F29F690C90006B864 /* Sources */,
				DB063B2029F690C90006B864 /* Frameworks */,
				DB063B2129F690C90006B864 /* Resources */,
			);
			buildRules = (
			);
			dependencies = (
			);
			name = "BMI Calculator-";
			productName = "BMI Calculator-";
			productReference = DB063B2329F690C90006B864 /* BMI Calculator-.app */;
			productType = "com.apple.product-type.application";
		};
/* End PBXNativeTarget section */

/* Begin PBXProject section */
		DB063B1B29F690C90006B864 /* Project object */ = {
			isa = PBXProject;
			attributes = {
				BuildIndependentTargetsInParallel = 1;
				LastSwiftUpdateCheck = 1430;
				LastUpgradeCheck = 1430;
				TargetAttributes = {
					DB063B2229F690C90006B864 = {
						CreatedOnToolsVersion = 14.3;
					};
				};
			};
			buildConfigurationList = DB063B1E29F690C90006B864 /* Build configuration list for PBXProject "BMI Calculator-" */;
			compatibilityVersion = "Xcode 14.0";
			developmentRegion = en;
			hasScannedForEncodings = 0;
			knownRegions = (
				en,
				Base,
			);
			mainGroup = DB063B1A29F690C90006B864;
			productRefGroup = DB063B2429F690C90006B864 /* Products */;
			projectDirPath = "";
			projectRoot = "";
			targets = (
				DB063B2229F690C90006B864 /* BMI Calculator- */,
			);
		};
/* End PBXProject section */

/* Begin PBXResourcesBuildPhase section */
		DB063B2129F690C90006B864 /* Resources */ = {
			isa = PBXResourcesBuildPhase;
			buildActionMask = 2147483647;
			files = (
				DB063B3329F690CB0006B864 /* LaunchScreen.storyboard in Resources */,
				DB063B3029F690CB0006B864 /* Assets.xcassets in Resources */,
				DB063B2E29F690C90006B864 /* Main.storyboard in Resources */,
			);
			runOnlyForDeploymentPostprocessing = 0;
		};
/* End PBXResourcesBuildPhase section */

/* Begin PBXSourcesBuildPhase section */
		DB063B1F29F690C90006B864 /* Sources */ = {
			isa = PBXSourcesBuildPhase;
			buildActionMask = 2147483647;
			files = (
				DB063B4029F6911D0006B864 /* BMI.swift in Sources */,
				DB063B2B29F690C90006B864 /* CalculateViewController.swift in Sources */,
				DB063B2729F690C90006B864 /* AppDelegate.swift in Sources */,
				DB063B3E29F691130006B864 /* CalculatorBrain.swift in Sources */,
				DB063B2929F690C90006B864 /* SceneDelegate.swift in Sources */,
				DB063B4229F692490006B864 /* ResultViewController.swift in Sources */,
			);
			runOnlyForDeploymentPostprocessing = 0;
		};
/* End PBXSourcesBuildPhase section */

/* Begin PBXVariantGroup section */
		DB063B2C29F690C90006B864 /* Main.storyboard */ = {
			isa = PBXVariantGroup;
			children = (
				DB063B2D29F690C90006B864 /* Base */,
			);
			name = Main.storyboard;
			sourceTree = "<group>";
		};
		DB063B3129F690CB0006B864 /* LaunchScreen.storyboard */ = {
			isa = PBXVariantGroup;
			children = (
				DB063B3229F690CB0006B864 /* Base */,
			);
			name = LaunchScreen.storyboard;
			sourceTree = "<group>";
		};
/* End PBXVariantGroup section */

/* Begin XCBuildConfiguration section */
		DB063B3529F690CB0006B864 /* Debug */ = {
			isa = XCBuildConfiguration;
			buildSettings = {
				ALWAYS_SEARCH_USER_PATHS = NO;
				CLANG_ANALYZER_NONNULL = YES;
				CLANG_ANALYZER_NUMBER_OBJECT_CONVERSION = YES_AGGRESSIVE;
				CLANG_CXX_LANGUAGE_STANDARD = "gnu++20";
				CLANG_ENABLE_MODULES = YES;
				CLANG_ENABLE_OBJC_ARC = YES;
				CLANG_ENABLE_OBJC_WEAK = YES;
				CLANG_WARN_BLOCK_CAPTURE_AUTORELEASING = YES;
				CLANG_WARN_BOOL_CONVERSION = YES;
				CLANG_WARN_COMMA = YES;
				CLANG_WARN_CONSTANT_CONVERSION = YES;
				CLANG_WARN_DEPRECATED_OBJC_IMPLEMENTATIONS = YES;
				CLANG_WARN_DIRECT_OBJC_ISA_USAGE = YES_ERROR;
				CLANG_WARN_DOCUMENTATION_COMMENTS = YES;
				CLANG_WARN_EMPTY_BODY = YES;
				CLANG_WARN_ENUM_CONVERSION = YES;
				CLANG_WARN_INFINITE_RECURSION = YES;
				CLANG_WARN_INT_CONVERSION = YES;
				CLANG_WARN_NON_LITERAL_NULL_CONVERSION = YES;
				CLANG_WARN_OBJC_IMPLICIT_RETAIN_SELF = YES;
				CLANG_WARN_OBJC_LITERAL_CONVERSION = YES;
				CLANG_WARN_OBJC_ROOT_CLASS = YES_ERROR;
				CLANG_WARN_QUOTED_INCLUDE_IN_FRAMEWORK_HEADER = YES;
				CLANG_WARN_RANGE_LOOP_ANALYSIS = YES;
				CLANG_WARN_STRICT_PROTOTYPES = YES;
				CLANG_WARN_SUSPICIOUS_MOVE = YES;
				CLANG_WARN_UNGUARDED_AVAILABILITY = YES_AGGRESSIVE;
				CLANG_WARN_UNREACHABLE_CODE = YES;
				CLANG_WARN__DUPLICATE_METHOD_MATCH = YES;
				COPY_PHASE_STRIP = NO;
				DEBUG_INFORMATION_FORMAT = dwarf;
				ENABLE_STRICT_OBJC_MSGSEND = YES;
				ENABLE_TESTABILITY = YES;
				GCC_C_LANGUAGE_STANDARD = gnu11;
				GCC_DYNAMIC_NO_PIC = NO;
				GCC_NO_COMMON_BLOCKS = YES;
				GCC_OPTIMIZATION_LEVEL = 0;
				GCC_PREPROCESSOR_DEFINITIONS = (
					"DEBUG=1",
					"$(inherited)",
				);
				GCC_WARN_64_TO_32_BIT_CONVERSION = YES;
				GCC_WARN_ABOUT_RETURN_TYPE = YES_ERROR;
				GCC_WARN_UNDECLARED_SELECTOR = YES;
				GCC_WARN_UNINITIALIZED_AUTOS = YES_AGGRESSIVE;
				GCC_WARN_UNUSED_FUNCTION = YES;
				GCC_WARN_UNUSED_VARIABLE = YES;
				IPHONEOS_DEPLOYMENT_TARGET = 16.4;
				MTL_ENABLE_DEBUG_INFO = INCLUDE_SOURCE;
				MTL_FAST_MATH = YES;
				ONLY_ACTIVE_ARCH = YES;
				SDKROOT = iphoneos;
				SWIFT_ACTIVE_COMPILATION_CONDITIONS = DEBUG;
				SWIFT_OPTIMIZATION_LEVEL = "-Onone";
			};
			name = Debug;
		};
		DB063B3629F690CB0006B864 /* Release */ = {
			isa = XCBuildConfiguration;
			buildSettings = {
				ALWAYS_SEARCH_USER_PATHS = NO;
				CLANG_ANALYZER_NONNULL = YES;
				CLANG_ANALYZER_NUMBER_OBJECT_CONVERSION = YES_AGGRESSIVE;
				CLANG_CXX_LANGUAGE_STANDARD = "gnu++20";
				CLANG_ENABLE_MODULES = YES;
				CLANG_ENABLE_OBJC_ARC = YES;
				CLANG_ENABLE_OBJC_WEAK = YES;
				CLANG_WARN_BLOCK_CAPTURE_AUTORELEASING = YES;
				CLANG_WARN_BOOL_CONVERSION = YES;
				CLANG_WARN_COMMA = YES;
				CLANG_WARN_CONSTANT_CONVERSION = YES;
				CLANG_WARN_DEPRECATED_OBJC_IMPLEMENTATIONS = YES;
				CLANG_WARN_DIRECT_OBJC_ISA_USAGE = YES_ERROR;
				CLANG_WARN_DOCUMENTATION_COMMENTS = YES;
				CLANG_WARN_EMPTY_BODY = YES;
				CLANG_WARN_ENUM_CONVERSION = YES;
				CLANG_WARN_INFINITE_RECURSION = YES;
				CLANG_WARN_INT_CONVERSION = YES;
				CLANG_WARN_NON_LITERAL_NULL_CONVERSION = YES;
				CLANG_WARN_OBJC_IMPLICIT_RETAIN_SELF = YES;
				CLANG_WARN_OBJC_LITERAL_CONVERSION = YES;
				CLANG_WARN_OBJC_ROOT_CLASS = YES_ERROR;
				CLANG_WARN_QUOTED_INCLUDE_IN_FRAMEWORK_HEADER = YES;
				CLANG_WARN_RANGE_LOOP_ANALYSIS = YES;
				CLANG_WARN_STRICT_PROTOTYPES = YES;
				CLANG_WARN_SUSPICIOUS_MOVE = YES;
				CLANG_WARN_UNGUARDED_AVAILABILITY = YES_AGGRESSIVE;
				CLANG_WARN_UNREACHABLE_CODE = YES;
				CLANG_WARN__DUPLICATE_METHOD_MATCH = YES;
				COPY_PHASE_STRIP = NO;
				DEBUG_INFORMATION_FORMAT = "dwarf-with-dsym";
				ENABLE_NS_ASSERTIONS = NO;
				ENABLE_STRICT_OBJC_MSGSEND = YES;
				GCC_C_LANGUAGE_STANDARD = gnu11;
				GCC_NO_COMMON_BLOCKS = YES;
				GCC_WARN_64_TO_32_BIT_CONVERSION = YES;
				GCC_WARN_ABOUT_RETURN_TYPE = YES_ERROR;
				GCC_WARN_UNDECLARED_SELECTOR = YES;
				GCC_WARN_UNINITIALIZED_AUTOS = YES_AGGRESSIVE;
				GCC_WARN_UNUSED_FUNCTION = YES;
				GCC_WARN_UNUSED_VARIABLE = YES;
				IPHONEOS_DEPLOYMENT_TARGET = 16.4;
				MTL_ENABLE_DEBUG_INFO = NO;
				MTL_FAST_MATH = YES;
				SDKROOT = iphoneos;
				SWIFT_COMPILATION_MODE = wholemodule;
				SWIFT_OPTIMIZATION_LEVEL = "-O";
				VALIDATE_PRODUCT = YES;
			};
			name = Release;
		};
		DB063B3829F690CB0006B864 /* Debug */ = {
			isa = XCBuildConfiguration;
			buildSettings = {
				ASSETCATALOG_COMPILER_APPICON_NAME = AppIcon;
				CODE_SIGN_STYLE = Automatic;
				CURRENT_PROJECT_VERSION = 1;
				DEVELOPMENT_TEAM = 4G28P969YF;
				GENERATE_INFOPLIST_FILE = YES;
				INFOPLIST_FILE = "BMI Calculator-/Info.plist";
				INFOPLIST_KEY_UIApplicationSupportsIndirectInputEvents = YES;
				INFOPLIST_KEY_UILaunchStoryboardName = LaunchScreen;
				INFOPLIST_KEY_UIMainStoryboardFile = Main;
				INFOPLIST_KEY_UISupportedInterfaceOrientations_iPad = "UIInterfaceOrientationPortrait UIInterfaceOrientationPortraitUpsideDown UIInterfaceOrientationLandscapeLeft UIInterfaceOrientationLandscapeRight";
				INFOPLIST_KEY_UISupportedInterfaceOrientations_iPhone = "UIInterfaceOrientationPortrait UIInterfaceOrientationLandscapeLeft UIInterfaceOrientationLandscapeRight";
				LD_RUNPATH_SEARCH_PATHS = (
					"$(inherited)",
					"@executable_path/Frameworks",
				);
				MARKETING_VERSION = 1.0;
				PRODUCT_BUNDLE_IDENTIFIER = "com.kinu.BMI-Calculator-";
				PRODUCT_NAME = "$(TARGET_NAME)";
				SWIFT_EMIT_LOC_STRINGS = YES;
				SWIFT_VERSION = 5.0;
				TARGETED_DEVICE_FAMILY = "1,2";
			};
			name = Debug;
		};
		DB063B3929F690CB0006B864 /* Release */ = {
			isa = XCBuildConfiguration;
			buildSettings = {
				ASSETCATALOG_COMPILER_APPICON_NAME = AppIcon;
				CODE_SIGN_STYLE = Automatic;
				CURRENT_PROJECT_VERSION = 1;
				DEVELOPMENT_TEAM = 4G28P969YF;
				GENERATE_INFOPLIST_FILE = YES;
				INFOPLIST_FILE = "BMI Calculator-/Info.plist";
				INFOPLIST_KEY_UIApplicationSupportsIndirectInputEvents = YES;
				INFOPLIST_KEY_UILaunchStoryboardName = LaunchScreen;
				INFOPLIST_KEY_UIMainStoryboardFile = Main;
				INFOPLIST_KEY_UISupportedInterfaceOrientations_iPad = "UIInterfaceOrientationPortrait UIInterfaceOrientationPortraitUpsideDown UIInterfaceOrientationLandscapeLeft UIInterfaceOrientationLandscapeRight";
				INFOPLIST_KEY_UISupportedInterfaceOrientations_iPhone = "UIInterfaceOrientationPortrait UIInterfaceOrientationLandscapeLeft UIInterfaceOrientationLandscapeRight";
				LD_RUNPATH_SEARCH_PATHS = (
					"$(inherited)",
					"@executable_path/Frameworks",
				);
				MARKETING_VERSION = 1.0;
				PRODUCT_BUNDLE_IDENTIFIER = "com.kinu.BMI-Calculator-";
				PRODUCT_NAME = "$(TARGET_NAME)";
				SWIFT_EMIT_LOC_STRINGS = YES;
				SWIFT_VERSION = 5.0;
				TARGETED_DEVICE_FAMILY = "1,2";
			};
			name = Release;
		};
/* End XCBuildConfiguration section */

/* Begin XCConfigurationList section */
		DB063B1E29F690C90006B864 /* Build configuration list for PBXProject "BMI Calculator-" */ = {
			isa = XCConfigurationList;
			buildConfigurations = (
				DB063B3529F690CB0006B864 /* Debug */,
				DB063B3629F690CB0006B864 /* Release */,
			);
			defaultConfigurationIsVisible = 0;
			defaultConfigurationName = Release;
		};
		DB063B3729F690CB0006B864 /* Build configuration list for PBXNativeTarget "BMI Calculator-" */ = {
			isa = XCConfigurationList;
			buildConfigurations = (
				DB063B3829F690CB0006B864 /* Debug */,
				DB063B3929F690CB0006B864 /* Release */,
			);
			defaultConfigurationIsVisible = 0;
			defaultConfigurationName = Release;
		};
/* End XCConfigurationList section */
	};
	rootObject = DB063B1B29F690C90006B864 /* Project object */;
}
